# This lock file was generated by conda-lock (https://github.com/conda/conda-lock). DO NOT EDIT!
#
# A "lock file" contains a concrete list of package versions (with checksums) to be installed. Unlike
# e.g. `conda env create`, the resulting environment will not change as new package versions become
# available, unless you explicitly update the lock file.
#
# Install this environment as "YOURENV" with:
#     conda-lock install -n YOURENV --file py310-dev-conda-lock.yml
# To update a single package to the latest version compatible with the version constraints in the source:
#     conda-lock lock  --lockfile py310-dev-conda-lock.yml --update PACKAGE
# To re-solve the entire environment, e.g. after changing a version constraint in the source file:
#     conda-lock -f ../dev.yaml -f py310.yaml --lockfile py310-dev-conda-lock.yml
version: 1
metadata:
  content_hash:
    osx-64: 6ccb028adba0c326616421f693bee245dd60bc08daa77469720d7675cc2419da
  channels:
    - url: conda-forge
      used_env_vars: []
  platforms:
    - osx-64
  sources:
    - ../dev.yaml
    - py310.yaml
package:
  - name: bzip2
    version: 1.0.8
    manager: conda
    platform: osx-64
    dependencies: {}
    url: https://conda.anaconda.org/conda-forge/osx-64/bzip2-1.0.8-h0d85af4_4.tar.bz2
    hash:
      md5: 37edc4e6304ca87316e160f5ca0bd1b5
      sha256: 60ba4c64f5d0afca0d283c7addba577d3e2efc0db86002808dadb0498661b2f2
    category: main
    optional: false
  - name: ca-certificates
    version: 2023.5.7
    manager: conda
    platform: osx-64
    dependencies: {}
    url: https://conda.anaconda.org/conda-forge/osx-64/ca-certificates-2023.5.7-h8857fd0_0.conda
    hash:
      md5: b704e4b79ba0d887c4870b7b09d6a4df
      sha256: a06c9c788de81da3a3868ac56781680cc1fc50a0b5a545d4453818975c141b2c
    category: main
    optional: false
  - name: libcxx
    version: 16.0.6
    manager: conda
    platform: osx-64
    dependencies: {}
    url: https://conda.anaconda.org/conda-forge/osx-64/libcxx-16.0.6-hd57cbcb_0.conda
    hash:
      md5: 7d6972792161077908b62971802f289a
      sha256: 9063271847cf05f3a6cc6cae3e7f0ced032ab5f3a3c9d3f943f876f39c5c2549
    category: main
    optional: false
  - name: libffi
    version: 3.4.2
    manager: conda
    platform: osx-64
    dependencies: {}
    url: https://conda.anaconda.org/conda-forge/osx-64/libffi-3.4.2-h0d85af4_5.tar.bz2
    hash:
      md5: ccb34fb14960ad8b125962d3d79b31a9
      sha256: 7a2d27a936ceee6942ea4d397f9c7d136f12549d86f7617e8b6bad51e01a941f
    category: main
    optional: false
  - name: libsodium
    version: 1.0.18
    manager: conda
    platform: osx-64
    dependencies: {}
    url: https://conda.anaconda.org/conda-forge/osx-64/libsodium-1.0.18-hbcb3906_1.tar.bz2
    hash:
      md5: 24632c09ed931af617fe6d5292919cab
      sha256: 2da45f14e3d383b4b9e3a8bacc95cd2832aac2dbf9fbc70d255d384a310c5660
    category: main
    optional: false
  - name: libzlib
    version: 1.2.13
    manager: conda
    platform: osx-64
    dependencies: {}
    url: https://conda.anaconda.org/conda-forge/osx-64/libzlib-1.2.13-h8a1eda9_5.conda
    hash:
      md5: 4a3ad23f6e16f99c04e166767193d700
      sha256: fc58ad7f47ffea10df1f2165369978fba0a1cc32594aad778f5eec725f334867
    category: main
    optional: false
  - name: ncurses
    version: "6.4"
    manager: conda
    platform: osx-64
    dependencies: {}
    url: https://conda.anaconda.org/conda-forge/osx-64/ncurses-6.4-hf0c8a7f_0.conda
    hash:
      md5: c3dbae2411164d9b02c69090a9a91857
      sha256: 7841b1fce1ffb0bfb038f9687b92f04d64acab1f7cb96431972386ea98c7b2fd
    category: main
    optional: false
  - name: python_abi
    version: "3.10"
    manager: conda
    platform: osx-64
    dependencies: {}
    url: https://conda.anaconda.org/conda-forge/osx-64/python_abi-3.10-3_cp310.conda
    hash:
      md5: 42da9b0138e911cd5b2f75b0278e26dc
      sha256: 0a66852c47be6b28b70bde29891a71d047730c723355d44b0da48db79fb99eb1
    category: main
    optional: false
  - name: tzdata
    version: 2023c
    manager: conda
    platform: osx-64
    dependencies: {}
    url: https://conda.anaconda.org/conda-forge/noarch/tzdata-2023c-h71feb2d_0.conda
    hash:
      md5: 939e3e74d8be4dac89ce83b20de2492a
      sha256: 0449138224adfa125b220154408419ec37c06b0b49f63c5954724325903ecf55
    category: main
    optional: false
  - name: xz
    version: 5.2.6
    manager: conda
    platform: osx-64
    dependencies: {}
    url: https://conda.anaconda.org/conda-forge/osx-64/xz-5.2.6-h775f41a_0.tar.bz2
    hash:
      md5: a72f9d4ea13d55d745ff1ed594747f10
      sha256: eb09823f34cc2dd663c0ec4ab13f246f45dcd52e5b8c47b9864361de5204a1c8
    category: main
    optional: false
  - name: libsqlite
    version: 3.42.0
    manager: conda
    platform: osx-64
    dependencies:
      libzlib: ">=1.2.13,<1.3.0a0"
    url: https://conda.anaconda.org/conda-forge/osx-64/libsqlite-3.42.0-h58db7d2_0.conda
    hash:
      md5: a7d3b44b7b0c9901ac7813b7a0462893
      sha256: 182689f4b1a5ed638cd615c7774e1a9974842bc127c59173f1d25e31a8795eef
    category: main
    optional: false
  - name: openssl
    version: 3.1.1
    manager: conda
    platform: osx-64
    dependencies:
      ca-certificates: ""
    url: https://conda.anaconda.org/conda-forge/osx-64/openssl-3.1.1-h8a1eda9_1.conda
    hash:
      md5: c7822d6ee74e34af1fd74365cfd18983
      sha256: 67855f92bf50f24cbbc44879864d7a040b1f351e95b599cfcf4cc49b2cc3fd08
    category: main
    optional: false
  - name: readline
    version: "8.2"
    manager: conda
    platform: osx-64
    dependencies:
      ncurses: ">=6.3,<7.0a0"
    url: https://conda.anaconda.org/conda-forge/osx-64/readline-8.2-h9e318b2_1.conda
    hash:
      md5: f17f77f2acf4d344734bda76829ce14e
      sha256: 41e7d30a097d9b060037f0c6a2b1d4c4ae7e942c06c943d23f9d481548478568
    category: main
    optional: false
  - name: tk
    version: 8.6.12
    manager: conda
    platform: osx-64
    dependencies:
      libzlib: ">=1.2.11,<1.3.0a0"
    url: https://conda.anaconda.org/conda-forge/osx-64/tk-8.6.12-h5dbffcc_0.tar.bz2
    hash:
      md5: 8e9480d9c47061db2ed1b4ecce519a7f
      sha256: 331aa1137a264fd9cc905f04f09a161c801fe504b93da08b4e6697bd7c9ae6a6
    category: main
    optional: false
  - name: zeromq
    version: 4.3.4
    manager: conda
    platform: osx-64
    dependencies:
      libcxx: ">=11.1.0"
      libsodium: ">=1.0.18,<1.0.19.0a0"
    url: https://conda.anaconda.org/conda-forge/osx-64/zeromq-4.3.4-he49afe7_1.tar.bz2
    hash:
      md5: 1972d732b123ed04b60fd21e94f0b178
      sha256: 991e2b42908c5793fe42a78272e6bd5e6412636274500b846991d0f3e5126952
    category: main
    optional: false
  - name: python
    version: 3.10.11
    manager: conda
    platform: osx-64
    dependencies:
      bzip2: ">=1.0.8,<2.0a0"
      libffi: ">=3.4,<4.0a0"
      libsqlite: ">=3.41.2,<4.0a0"
      libzlib: ">=1.2.13,<1.3.0a0"
      ncurses: ">=6.3,<7.0a0"
      openssl: ">=3.1.0,<4.0a0"
      readline: ">=8.2,<9.0a0"
      tk: ">=8.6.12,<8.7.0a0"
      tzdata: ""
      xz: ">=5.2.6,<6.0a0"
    url: https://conda.anaconda.org/conda-forge/osx-64/python-3.10.11-he7542f4_0_cpython.conda
    hash:
      md5: ec1a9528837c5fcd34f387e317b30f1e
      sha256: 6e5ed21b0d491e791cbdf0f1361d306173dcd0f25b65b5d2881d12a500d2e128
    category: main
    optional: false
  - name: appnope
    version: 0.1.3
    manager: conda
    platform: osx-64
    dependencies:
      python: ">=2.7"
    url: https://conda.anaconda.org/conda-forge/noarch/appnope-0.1.3-pyhd8ed1ab_0.tar.bz2
    hash:
      md5: 54ac328d703bff191256ffa1183126d1
      sha256: b209a68ac55eb9ecad7042f0d4eedef5da924699f6cdf54ac1826869cfdae742
    category: main
    optional: false
  - name: argcomplete
    version: 3.1.1
    manager: conda
    platform: osx-64
    dependencies:
      python: ">=3.8"
    url: https://conda.anaconda.org/conda-forge/noarch/argcomplete-3.1.1-pyhd8ed1ab_0.conda
    hash:
      md5: 964bace0c38ce4733851a2a29679e3f9
      sha256: 1fe9b55d3daeb26ac404ec51f106ce8792d7d6548810ca87600cd9b9e9cfbd6e
    category: main
    optional: false
  - name: backcall
    version: 0.2.0
    manager: conda
    platform: osx-64
    dependencies:
      python: ""
    url: https://conda.anaconda.org/conda-forge/noarch/backcall-0.2.0-pyh9f0ad1d_0.tar.bz2
    hash:
      md5: 6006a6d08a3fa99268a2681c7fb55213
      sha256: ee62d6434090c1327a48551734e06bd10e65a64ef7f3b6e68719500dab0e42b9
    category: main
    optional: false
  - name: backports
    version: "1.0"
    manager: conda
    platform: osx-64
    dependencies:
      python: ">=2.7"
    url: https://conda.anaconda.org/conda-forge/noarch/backports-1.0-pyhd8ed1ab_3.conda
    hash:
      md5: 54ca2e08b3220c148a1d8329c2678e02
      sha256: 711602276ae39276cb0faaca6fd0ac851fff0ca17151917569174841ef830bbd
    category: main
    optional: false
  - name: colorama
    version: 0.4.6
    manager: conda
    platform: osx-64
    dependencies:
      python: ">=3.7"
    url: https://conda.anaconda.org/conda-forge/noarch/colorama-0.4.6-pyhd8ed1ab_0.tar.bz2
    hash:
      md5: 3faab06a954c2a04039983f2c4a50d99
      sha256: 2c1b2e9755ce3102bca8d69e8f26e4f087ece73f50418186aee7c74bef8e1698
    category: main
    optional: false
  - name: colorlog
    version: 6.7.0
    manager: conda
    platform: osx-64
    dependencies:
      python: ">=3.10,<3.11.0a0"
      python_abi: 3.10.*
    url: https://conda.anaconda.org/conda-forge/osx-64/colorlog-6.7.0-py310h2ec42d9_1.tar.bz2
    hash:
      md5: 13fc655269a49875bd4201eebad18916
      sha256: 47f010a0809e04878fc4a868bf1d0bcf5f4f012448860f7dfc0ca9a3db594f6d
    category: main
    optional: false
  - name: debugpy
    version: 1.6.7
    manager: conda
    platform: osx-64
    dependencies:
      libcxx: ">=14.0.6"
      python: ">=3.10,<3.11.0a0"
      python_abi: 3.10.*
    url: https://conda.anaconda.org/conda-forge/osx-64/debugpy-1.6.7-py310h7a76584_0.conda
    hash:
      md5: 549f7722839c44ee8a859fc0b94a5884
      sha256: 103c7c29afd44fc4a5a94e999be1ff26ec6cde6a2814732095e4b40bbf90968f
    category: main
    optional: false
  - name: decorator
    version: 5.1.1
    manager: conda
    platform: osx-64
    dependencies:
      python: ">=3.5"
    url: https://conda.anaconda.org/conda-forge/noarch/decorator-5.1.1-pyhd8ed1ab_0.tar.bz2
    hash:
      md5: 43afe5ab04e35e17ba28649471dd7364
      sha256: 328a6a379f9bdfd0230e51de291ce858e6479411ea4b0545fb377c71662ef3e2
    category: main
    optional: false
  - name: distlib
    version: 0.3.6
    manager: conda
    platform: osx-64
    dependencies:
      python: 2.7|>=3.6
    url: https://conda.anaconda.org/conda-forge/noarch/distlib-0.3.6-pyhd8ed1ab_0.tar.bz2
    hash:
      md5: b65b4d50dbd2d50fa0aeac367ec9eed7
      sha256: 06eb7167d4d760b3b437a491e32ab5b3f89e2a18f023c117fe213b038d88538a
    category: main
    optional: false
  - name: exceptiongroup
    version: 1.1.1
    manager: conda
    platform: osx-64
    dependencies:
      python: ">=3.7"
    url: https://conda.anaconda.org/conda-forge/noarch/exceptiongroup-1.1.1-pyhd8ed1ab_0.conda
    hash:
      md5: 7312299d7a0ea4993159229b7d2dceb2
      sha256: f073c3ba993912f1c0027bc34a54975642885f0a4cd5f9dc42a17ca945df2c18
    category: main
    optional: false
  - name: execnet
    version: 1.9.0
    manager: conda
    platform: osx-64
    dependencies:
      python: 2.7|>=3.5
    url: https://conda.anaconda.org/conda-forge/noarch/execnet-1.9.0-pyhd8ed1ab_0.tar.bz2
    hash:
      md5: 0e521f7a5e60d508b121d38b04874fb2
      sha256: 1900bbc1764d01405e55be2e369d1b830fb435eb0f27c57033372c60f34c675c
    category: main
    optional: false
  - name: executing
    version: 1.2.0
    manager: conda
    platform: osx-64
    dependencies:
      python: ">=2.7"
    url: https://conda.anaconda.org/conda-forge/noarch/executing-1.2.0-pyhd8ed1ab_0.tar.bz2
    hash:
      md5: 4c1bc140e2be5c8ba6e3acab99e25c50
      sha256: 9c03425cd58c474af20e179c9ba121a82984d6c4bfc896bbc992f5ed75dd7539
    category: main
    optional: false
  - name: filelock
    version: 3.12.2
    manager: conda
    platform: osx-64
    dependencies:
      python: ">=3.7"
    url: https://conda.anaconda.org/conda-forge/noarch/filelock-3.12.2-pyhd8ed1ab_0.conda
    hash:
      md5: 53522ec72e6adae42bd373ef58357230
      sha256: 1cbae9f05860f2e566e2977f14dfcd5494beb22c028b0a853ade4ec381d9de71
    category: main
    optional: false
  - name: iniconfig
    version: 2.0.0
    manager: conda
    platform: osx-64
    dependencies:
      python: ">=3.7"
    url: https://conda.anaconda.org/conda-forge/noarch/iniconfig-2.0.0-pyhd8ed1ab_0.conda
    hash:
      md5: f800d2da156d08e289b14e87e43c1ae5
      sha256: 38740c939b668b36a50ef455b077e8015b8c9cf89860d421b3fff86048f49666
    category: main
    optional: false
  - name: markupsafe
    version: 2.1.3
    manager: conda
    platform: osx-64
    dependencies:
      python: ">=3.10,<3.11.0a0"
      python_abi: 3.10.*
    url: https://conda.anaconda.org/conda-forge/osx-64/markupsafe-2.1.3-py310h6729b98_0.conda
    hash:
      md5: b23ce1495527802905791489c3b1f129
      sha256: a893f7fcdf43fe0e44a4814ae46ade6ecac77c672bd384ce49a8b0a1025f2951
    category: main
    optional: false
  - name: mypy_extensions
    version: 1.0.0
    manager: conda
    platform: osx-64
    dependencies:
      python: ">=3.5"
    url: https://conda.anaconda.org/conda-forge/noarch/mypy_extensions-1.0.0-pyha770c72_0.conda
    hash:
      md5: 4eccaeba205f0aed9ac3a9ea58568ca3
      sha256: f240217476e148e825420c6bc3a0c0efb08c0718b7042fae960400c02af858a3
    category: main
    optional: false
  - name: nest-asyncio
    version: 1.5.6
    manager: conda
    platform: osx-64
    dependencies:
      python: ">=3.5"
    url: https://conda.anaconda.org/conda-forge/noarch/nest-asyncio-1.5.6-pyhd8ed1ab_0.tar.bz2
    hash:
      md5: 7b868f21adde0d9b8b38f9c16836589b
      sha256: 594d240d8be933b6e47b78b786269cc89ffa34874544d9dbed1c6afc9213869b
    category: main
    optional: false
  - name: packaging
    version: "23.1"
    manager: conda
    platform: osx-64
    dependencies:
      python: ">=3.7"
    url: https://conda.anaconda.org/conda-forge/noarch/packaging-23.1-pyhd8ed1ab_0.conda
    hash:
      md5: 91cda59e66e1e4afe9476f8ef98f5c30
      sha256: ded536a96a00d45a693dbc2971bb688248324dadd129eddda2100e177583d768
    category: main
    optional: false
  - name: parso
    version: 0.8.3
    manager: conda
    platform: osx-64
    dependencies:
      python: ">=3.6"
    url: https://conda.anaconda.org/conda-forge/noarch/parso-0.8.3-pyhd8ed1ab_0.tar.bz2
    hash:
      md5: 17a565a0c3899244e938cdf417e7b094
      sha256: 4e26d5daf5de0e31aa5e74ac56386a361b202433b83f024fdadbf07d4a244da4
    category: main
    optional: false
  - name: pickleshare
    version: 0.7.5
    manager: conda
    platform: osx-64
    dependencies:
      python: ">=3"
    url: https://conda.anaconda.org/conda-forge/noarch/pickleshare-0.7.5-py_1003.tar.bz2
    hash:
      md5: 415f0ebb6198cc2801c73438a9fb5761
      sha256: a1ed1a094dd0d1b94a09ed85c283a0eb28943f2e6f22161fb45e128d35229738
    category: main
    optional: false
  - name: pluggy
    version: 1.0.0
    manager: conda
    platform: osx-64
    dependencies:
      python: ">=3.8"
    url: https://conda.anaconda.org/conda-forge/noarch/pluggy-1.0.0-pyhd8ed1ab_5.tar.bz2
    hash:
      md5: 7d301a0d25f424d96175f810935f0da9
      sha256: c25e1757e4e90638bb1e778aba3ee5f3c01fae9752e3c3929f9be7d367f6c7f3
    category: main
    optional: false
  - name: psutil
    version: 5.9.5
    manager: conda
    platform: osx-64
    dependencies:
      python: ">=3.10,<3.11.0a0"
      python_abi: 3.10.*
    url: https://conda.anaconda.org/conda-forge/osx-64/psutil-5.9.5-py310h90acd4f_0.conda
    hash:
      md5: 1111504c53989e065a98171156fc376a
      sha256: bfa0da6d3a561d1357ac7f8dfccc781d8aac6804f5697065893e423a7fffc8d0
    category: main
    optional: false
  - name: ptyprocess
    version: 0.7.0
    manager: conda
    platform: osx-64
    dependencies:
      python: ""
    url: https://conda.anaconda.org/conda-forge/noarch/ptyprocess-0.7.0-pyhd3deb0d_0.tar.bz2
    hash:
      md5: 359eeb6536da0e687af562ed265ec263
      sha256: fb31e006a25eb2e18f3440eb8d17be44c8ccfae559499199f73584566d0a444a
    category: main
    optional: false
  - name: pure_eval
    version: 0.2.2
    manager: conda
    platform: osx-64
    dependencies:
      python: ">=3.5"
    url: https://conda.anaconda.org/conda-forge/noarch/pure_eval-0.2.2-pyhd8ed1ab_0.tar.bz2
    hash:
      md5: 6784285c7e55cb7212efabc79e4c2883
      sha256: 72792f9fc2b1820e37cc57f84a27bc819c71088c3002ca6db05a2e56404f9d44
    category: main
    optional: false
  - name: py
    version: 1.11.0
    manager: conda
    platform: osx-64
    dependencies:
      python: ">=2.7"
    url: https://conda.anaconda.org/conda-forge/noarch/py-1.11.0-pyh6c4a22f_0.tar.bz2
    hash:
      md5: b4613d7e7a493916d867842a6a148054
      sha256: 268be33a290e3d51467ab29cbb5a80cf79f69dade2f2dead25d7f80d76c3543a
    category: main
    optional: false
  - name: pygments
    version: 2.15.1
    manager: conda
    platform: osx-64
    dependencies:
      python: ">=3.7"
    url: https://conda.anaconda.org/conda-forge/noarch/pygments-2.15.1-pyhd8ed1ab_0.conda
    hash:
      md5: d316679235612869eba305aa7d41d9bf
      sha256: 1bddeb54863c77ed5613b535a3e06a3a16b55786301a5e28c9bf011656bda686
    category: main
    optional: false
  - name: pyzmq
    version: 25.1.0
    manager: conda
    platform: osx-64
    dependencies:
      libcxx: ">=15.0.7"
      libsodium: ">=1.0.18,<1.0.19.0a0"
      python: ">=3.10,<3.11.0a0"
      python_abi: 3.10.*
      zeromq: ">=4.3.4,<4.4.0a0"
    url: https://conda.anaconda.org/conda-forge/osx-64/pyzmq-25.1.0-py310h998be00_0.conda
    hash:
      md5: d31ade96a299a26bcb59b74a9b3c1dd6
      sha256: 2eac6e65f693b51ea085845d291074a5bc6971a584afc279adca5052e49f14cf
    category: main
    optional: false
  - name: ruamel.yaml.clib
    version: 0.2.7
    manager: conda
    platform: osx-64
    dependencies:
      python: ">=3.10,<3.11.0a0"
      python_abi: 3.10.*
    url: https://conda.anaconda.org/conda-forge/osx-64/ruamel.yaml.clib-0.2.7-py310h90acd4f_1.conda
    hash:
      md5: d27546735a054dd67e626b17ff07c089
      sha256: fcd8c7a5272e2c678b0d3f7225758fe12e9b33b25371f5a02e6ee63387436297
    category: main
    optional: false
  - name: setuptools
    version: 67.7.2
    manager: conda
    platform: osx-64
    dependencies:
      python: ">=3.7"
    url: https://conda.anaconda.org/conda-forge/noarch/setuptools-67.7.2-pyhd8ed1ab_0.conda
    hash:
      md5: 3b68bc43ec6baa48f7354a446267eefe
      sha256: 3ac44771fce01f19218bcdf3992e24984748048db69889a9df65abcc6a10e29b
    category: main
    optional: false
  - name: six
    version: 1.16.0
    manager: conda
    platform: osx-64
    dependencies:
      python: ""
    url: https://conda.anaconda.org/conda-forge/noarch/six-1.16.0-pyh6c4a22f_0.tar.bz2
    hash:
      md5: e5f25f8dbc060e9a8d912e432202afc2
      sha256: a85c38227b446f42c5b90d9b642f2c0567880c15d72492d8da074a59c8f91dd6
    category: main
    optional: false
  - name: termcolor
    version: 2.3.0
    manager: conda
    platform: osx-64
    dependencies:
      python: ">=3.7"
    url: https://conda.anaconda.org/conda-forge/noarch/termcolor-2.3.0-pyhd8ed1ab_0.conda
    hash:
      md5: 440d508f025b1692168caaf436504af3
      sha256: db8c38777093d87fc05dc3f57d26c171c4e4896f17a013c6f839050c989a759e
    category: main
    optional: false
  - name: toml
    version: 0.10.2
    manager: conda
    platform: osx-64
    dependencies:
      python: ">=2.7"
    url: https://conda.anaconda.org/conda-forge/noarch/toml-0.10.2-pyhd8ed1ab_0.tar.bz2
    hash:
      md5: f832c45a477c78bebd107098db465095
      sha256: f0f3d697349d6580e4c2f35ba9ce05c65dc34f9f049e85e45da03800b46139c1
    category: main
    optional: false
  - name: tomli
    version: 2.0.1
    manager: conda
    platform: osx-64
    dependencies:
      python: ">=3.7"
    url: https://conda.anaconda.org/conda-forge/noarch/tomli-2.0.1-pyhd8ed1ab_0.tar.bz2
    hash:
      md5: 5844808ffab9ebdb694585b50ba02a96
      sha256: 4cd48aba7cd026d17e86886af48d0d2ebc67ed36f87f6534f4b67138f5a5a58f
    category: main
    optional: false
  - name: tornado
    version: 6.3.2
    manager: conda
    platform: osx-64
    dependencies:
      python: ">=3.10,<3.11.0a0"
      python_abi: 3.10.*
    url: https://conda.anaconda.org/conda-forge/osx-64/tornado-6.3.2-py310h6729b98_0.conda
    hash:
      md5: 369ce2c5cd18205e4917f515b4052376
      sha256: 732d346b83daf57ba80897a5db6cd14bf1152aa6576085552b2ed465be05aec1
    category: main
    optional: false
  - name: traitlets
    version: 5.9.0
    manager: conda
    platform: osx-64
    dependencies:
      python: ">=3.7"
    url: https://conda.anaconda.org/conda-forge/noarch/traitlets-5.9.0-pyhd8ed1ab_0.conda
    hash:
      md5: d0b4f5c87cd35ac3fb3d47b223263a64
      sha256: 343610bce6dbe8a5090500dd2e9d1706057960b3f3120ebfe0abb4a8ecbada4d
    category: main
    optional: false
  - name: typing_extensions
    version: 4.6.3
    manager: conda
    platform: osx-64
    dependencies:
      python: ">=3.7"
    url: https://conda.anaconda.org/conda-forge/noarch/typing_extensions-4.6.3-pyha770c72_0.conda
    hash:
      md5: 4a3014a4d107d15475d106b751c4e352
      sha256: 90a8d56c8015af1575d504d5f77d95a806cd999fc178a06ab51a349f1f744672
    category: main
    optional: false
  - name: wheel
    version: 0.40.0
    manager: conda
    platform: osx-64
    dependencies:
      python: ">=3.7"
    url: https://conda.anaconda.org/conda-forge/noarch/wheel-0.40.0-pyhd8ed1ab_0.conda
    hash:
      md5: 49bb0d9e60ce1db25e151780331bb5f3
      sha256: 79b4d29b0c004014a2abd5fc2c9fcd35cc6256222b960c2a317a27c4b0d8884d
    category: main
    optional: false
  - name: zipp
    version: 3.15.0
    manager: conda
    platform: osx-64
    dependencies:
      python: ">=3.7"
    url: https://conda.anaconda.org/conda-forge/noarch/zipp-3.15.0-pyhd8ed1ab_0.conda
    hash:
      md5: 13018819ca8f5b7cc675a8faf1f5fedf
      sha256: 241de30545299be9bcea3addf8a2c22a3b3d4ba6730890e150ab690ac937a3d2
    category: main
    optional: false
  - name: asttokens
    version: 2.2.1
    manager: conda
    platform: osx-64
    dependencies:
      python: ">=3.5"
      six: ""
    url: https://conda.anaconda.org/conda-forge/noarch/asttokens-2.2.1-pyhd8ed1ab_0.conda
    hash:
      md5: bf7f54dd0f25c3f06ecb82a07341841a
      sha256: 7ed530efddd47a96c11197906b4008405b90e3bc2f4e0df722a36e0e6103fd9c
    category: main
    optional: false
  - name: backports.functools_lru_cache
    version: 1.6.4
    manager: conda
    platform: osx-64
    dependencies:
      backports: ""
      python: ">=3.6"
      setuptools: ""
    url: https://conda.anaconda.org/conda-forge/noarch/backports.functools_lru_cache-1.6.4-pyhd8ed1ab_0.tar.bz2
    hash:
      md5: c5b3edc62d6309088f4970b3eaaa65a6
      sha256: fdea00d4b79990f3fe938e2716bc32bd895eb5c44b6c75b8261db095a1b33c16
    category: main
    optional: false
  - name: comm
    version: 0.1.3
    manager: conda
    platform: osx-64
    dependencies:
      python: ">=3.6"
      traitlets: ">=5.3"
    url: https://conda.anaconda.org/conda-forge/noarch/comm-0.1.3-pyhd8ed1ab_0.conda
    hash:
      md5: 168ae0f82cdf7505048e81054c7354e4
      sha256: 657e0a513c8705dc542c54c4c5234e813b7f4e2f412688796d611e83ddf132ea
    category: main
    optional: false
  - name: coverage
    version: 7.2.7
    manager: conda
    platform: osx-64
    dependencies:
      python: ">=3.10,<3.11.0a0"
      python_abi: 3.10.*
      tomli: ""
    url: https://conda.anaconda.org/conda-forge/osx-64/coverage-7.2.7-py310h6729b98_0.conda
    hash:
      md5: d26f9a00c51aa15b80d49ddf862096f9
      sha256: 4567b0717e185f339c6ad082f4d16b5a238b5174f0f9d059f41911fb4f172831
    category: main
    optional: false
  - name: importlib-metadata
    version: 6.6.0
    manager: conda
    platform: osx-64
    dependencies:
      python: ">=3.8"
      zipp: ">=0.5"
    url: https://conda.anaconda.org/conda-forge/noarch/importlib-metadata-6.6.0-pyha770c72_0.conda
    hash:
      md5: f91a5d5175fb7ff2a91952ec7da59cb9
      sha256: 33d49065756a73fbb92277c756fa00a41891408528eb90ae05ff3367a401ae6e
    category: main
    optional: false
  - name: jedi
    version: 0.18.2
    manager: conda
    platform: osx-64
    dependencies:
      parso: ">=0.8.0,<0.9.0"
      python: ">=3.6"
    url: https://conda.anaconda.org/conda-forge/noarch/jedi-0.18.2-pyhd8ed1ab_0.conda
    hash:
      md5: b5e695ef9c3f0d27d6cd96bf5adc9e07
      sha256: abe63ae6e1b13f83500608d94004cb8d485b264083511d77f79253e775cd546c
    category: main
    optional: false
  - name: jinja2
    version: 3.1.2
    manager: conda
    platform: osx-64
    dependencies:
      markupsafe: ">=2.0"
      python: ">=3.7"
    url: https://conda.anaconda.org/conda-forge/noarch/jinja2-3.1.2-pyhd8ed1ab_1.tar.bz2
    hash:
      md5: c8490ed5c70966d232fdd389d0dbed37
      sha256: b045faba7130ab263db6a8fdc96b1a3de5fcf85c4a607c5f11a49e76851500b5
    category: main
    optional: false
  - name: matplotlib-inline
    version: 0.1.6
    manager: conda
    platform: osx-64
    dependencies:
      python: ">=3.6"
      traitlets: ""
    url: https://conda.anaconda.org/conda-forge/noarch/matplotlib-inline-0.1.6-pyhd8ed1ab_0.tar.bz2
    hash:
      md5: b21613793fcc81d944c76c9f2864a7de
      sha256: aa091b88aec55bfa2d9207028d8cdc689b9efb090ae27b99557e93c675be2f3c
    category: main
    optional: false
  - name: mypy
    version: 1.3.0
    manager: conda
    platform: osx-64
    dependencies:
      mypy_extensions: ">=0.4.3"
      psutil: ">=4.0"
      python: ">=3.10,<3.11.0a0"
      python_abi: 3.10.*
      tomli: ">=1.1.0"
      typing_extensions: ">=3.10"
    url: https://conda.anaconda.org/conda-forge/osx-64/mypy-1.3.0-py310h6729b98_0.conda
    hash:
      md5: 7b51842860bbf522e5cca008c43db24b
      sha256: e773f7584ef45a51db9e22b98672f2b6b0b03e1e86bd1e9140fb68b011eb7187
    category: main
    optional: false
  - name: pexpect
    version: 4.8.0
    manager: conda
    platform: osx-64
    dependencies:
      ptyprocess: ">=0.5"
      python: ""
    url: https://conda.anaconda.org/conda-forge/noarch/pexpect-4.8.0-pyh1a96a4e_2.tar.bz2
    hash:
      md5: 330448ce4403cc74990ac07c555942a1
      sha256: 07706c0417ead94f359ca7278f65452d3c396448777aba1da6a11fc351bdca9a
    category: main
    optional: false
  - name: pip
    version: 23.1.2
    manager: conda
    platform: osx-64
    dependencies:
      python: ">=3.7"
      setuptools: ""
      wheel: ""
    url: https://conda.anaconda.org/conda-forge/noarch/pip-23.1.2-pyhd8ed1ab_0.conda
    hash:
      md5: 7288da0d36821349cf1126e8670292df
      sha256: 4fe1f47f6eac5b2635a622b6f985640bf835843c1d8d7ccbbae0f7d27cadec92
    category: main
    optional: false
  - name: pytest
    version: 7.3.2
    manager: conda
    platform: osx-64
    dependencies:
      colorama: ""
      exceptiongroup: ">=1.0.0rc8"
      iniconfig: ""
      packaging: ""
      pluggy: ">=0.12,<2.0"
      python: ">=3.7"
      tomli: ">=1.0.0"
    url: https://conda.anaconda.org/conda-forge/noarch/pytest-7.3.2-pyhd8ed1ab_1.conda
    hash:
      md5: f2465696f4396245eca4613f6e924796
      sha256: bdcd2df6f9a1a5ccb575c030a9c9417fb3abb7aecf56e51bbd2711139df187e8
    category: main
    optional: false
  - name: python-dateutil
    version: 2.8.2
    manager: conda
    platform: osx-64
    dependencies:
      python: ">=3.6"
      six: ">=1.5"
    url: https://conda.anaconda.org/conda-forge/noarch/python-dateutil-2.8.2-pyhd8ed1ab_0.tar.bz2
    hash:
      md5: dd999d1cc9f79e67dbb855c8924c7984
      sha256: 54d7785c7678166aa45adeaccfc1d2b8c3c799ca2dc05d4a82bb39b1968bd7da
    category: main
    optional: false
  - name: ruamel.yaml
    version: 0.17.31
    manager: conda
    platform: osx-64
    dependencies:
      python: ">=3.10,<3.11.0a0"
      python_abi: 3.10.*
      ruamel.yaml.clib: ">=0.1.2"
      setuptools: ""
    url: https://conda.anaconda.org/conda-forge/osx-64/ruamel.yaml-0.17.31-py310h6729b98_0.conda
    hash:
      md5: e0bdd8e1f4ca50f4440ed5610a743c04
      sha256: a7a6ef155db0f4c0e69caa6d27ae77b97c618d6decb932718b7e1858126def50
    category: main
    optional: false
  - name: typing-extensions
    version: 4.6.3
    manager: conda
    platform: osx-64
    dependencies:
      typing_extensions: 4.6.3
    url: https://conda.anaconda.org/conda-forge/noarch/typing-extensions-4.6.3-hd8ed1ab_0.conda
    hash:
      md5: 3876f650ed7d0f95d70fa4b647621909
      sha256: d2334dab270e13182403cc3a394e3da8e7acb409e94059a6d9223d2ac053f90a
    category: main
    optional: false
  - name: importlib_metadata
    version: 6.6.0
    manager: conda
    platform: osx-64
    dependencies:
      importlib-metadata: ">=6.6.0,<6.6.1.0a0"
    url: https://conda.anaconda.org/conda-forge/noarch/importlib_metadata-6.6.0-hd8ed1ab_0.conda
    hash:
      md5: 3cbc9615f10a3d471532b83e4250b971
      sha256: 5de35d3c019d8a36e0a0deeb04a62689837bd68234a0a73a3355b860b442eca4
    category: main
    optional: false
  - name: platformdirs
    version: 3.5.3
    manager: conda
    platform: osx-64
    dependencies:
      python: ">=3.7"
      typing-extensions: ">=4.6.3"
    url: https://conda.anaconda.org/conda-forge/noarch/platformdirs-3.5.3-pyhd8ed1ab_0.conda
    hash:
      md5: c085a16ba3d0c9ee282c438308b57724
      sha256: 528dcba75c81505e911b23d9795e35c564f7be1f74c7fdf5d8ad4e231b569c2a
    category: main
    optional: false
  - name: pytest-cov
    version: 4.1.0
    manager: conda
    platform: osx-64
    dependencies:
      coverage: ">=5.2.1"
      pytest: ">=4.6"
      python: ">=3.7"
      toml: ""
    url: https://conda.anaconda.org/conda-forge/noarch/pytest-cov-4.1.0-pyhd8ed1ab_0.conda
    hash:
      md5: 06eb685a3a0b146347a58dda979485da
      sha256: f07d3b44cabbed7843de654c4a6990a08475ce3b708bb735c7da9842614586f2
    category: main
    optional: false
  - name: pytest-sugar
    version: 0.9.7
    manager: conda
    platform: osx-64
    dependencies:
      packaging: ">=14.1"
      pytest: ">=2.9"
      python: ">=3.6"
      termcolor: ">=1.1.0"
    url: https://conda.anaconda.org/conda-forge/noarch/pytest-sugar-0.9.7-pyhd8ed1ab_0.conda
    hash:
      md5: 5ae876f0425115ce2eb00b57d0ae641e
      sha256: a9a76350625a6768a3b779552e4c5eb112ac1deb0b8ea5924c090c35f7da7f24
    category: main
    optional: false
  - name: pytest-xdist
    version: 3.3.1
    manager: conda
    platform: osx-64
    dependencies:
      execnet: ">=1.1"
      pytest: ">=6.2.0"
      python: ">=3.7"
    url: https://conda.anaconda.org/conda-forge/noarch/pytest-xdist-3.3.1-pyhd8ed1ab_0.conda
    hash:
      md5: 816073bb54ef59f33f0f26c14f88311b
      sha256: 5df2d0f1e42041476cbdf12b808890d668e7f0272b51f0f3fa7aab84732150b6
    category: main
    optional: false
  - name: setuptools-scm
    version: 7.1.0
    manager: conda
    platform: osx-64
    dependencies:
      packaging: ">=20.0"
      python: ">=3.8"
      setuptools: ">=45"
      tomli: ">=1.0.0"
      typing-extensions: ""
    url: https://conda.anaconda.org/conda-forge/noarch/setuptools-scm-7.1.0-pyhd8ed1ab_0.conda
    hash:
      md5: 6613dbb3b25cc648a107f33ca9f80fc1
      sha256: 9c4693b9163b3c678840aed86b615fac81e6327312edf522f0e1bef7eae5fe9a
    category: main
    optional: false
  - name: stack_data
    version: 0.6.2
    manager: conda
    platform: osx-64
    dependencies:
      asttokens: ""
      executing: ""
      pure_eval: ""
      python: ">=3.5"
    url: https://conda.anaconda.org/conda-forge/noarch/stack_data-0.6.2-pyhd8ed1ab_0.conda
    hash:
      md5: e7df0fdd404616638df5ece6e69ba7af
      sha256: a58433e75229bec39f3be50c02efbe9b7083e53a1f31d8ee247564f370191eec
    category: main
    optional: false
  - name: wcwidth
    version: 0.2.6
    manager: conda
    platform: osx-64
    dependencies:
      backports.functools_lru_cache: ""
      python: ">=3.6"
    url: https://conda.anaconda.org/conda-forge/noarch/wcwidth-0.2.6-pyhd8ed1ab_0.conda
    hash:
      md5: 078979d33523cb477bd1916ce41aacc9
      sha256: c1bd0ad7d854cae56977b7915ac2b78b652fa5f7ec1e9fc21e7fdb30cf4519b1
    category: main
    optional: false
  - name: jupyter_core
    version: 5.3.1
    manager: conda
    platform: osx-64
    dependencies:
      platformdirs: ">=2.5"
      python: ">=3.10,<3.11.0a0"
      python_abi: 3.10.*
      traitlets: ">=5.3"
    url: https://conda.anaconda.org/conda-forge/osx-64/jupyter_core-5.3.1-py310h2ec42d9_0.conda
    hash:
      md5: 2df6b800f29e805b1453a5a32981b873
      sha256: 181e309a5731f376af89574a3328779a61144e064a30eabaf32f5a81261920f1
    category: main
    optional: false
  - name: prompt-toolkit
    version: 3.0.38
    manager: conda
    platform: osx-64
    dependencies:
      python: ">=3.7"
      wcwidth: ""
    url: https://conda.anaconda.org/conda-forge/noarch/prompt-toolkit-3.0.38-pyha770c72_0.conda
    hash:
      md5: 59ba1bf8ea558751a0d391249a248765
      sha256: 78c2f3c6195ec350d7d6e5fa3e43274ca8191c181c97a867e2920faaeec0e9bc
    category: main
    optional: false
  - name: virtualenv
    version: 20.23.0
    manager: conda
    platform: osx-64
    dependencies:
      distlib: <1,>=0.3.6
      filelock: <4,>=3.11
      platformdirs: <4,>=3.2
      python: ">=3.8"
    url: https://conda.anaconda.org/conda-forge/noarch/virtualenv-20.23.0-pyhd8ed1ab_0.conda
    hash:
      md5: a920e114c4c2ced2280e266da65ab5e6
      sha256: 13d667887ea08b6d1fe2eb09d2d737f9af7343735d3bfa5ffaa3f67eec8eaff7
    category: main
    optional: false
  - name: jupyter_client
    version: 8.2.0
    manager: conda
    platform: osx-64
    dependencies:
      importlib_metadata: ">=4.8.3"
      jupyter_core: ">=4.12,!=5.0.*"
      python: ">=3.8"
      python-dateutil: ">=2.8.2"
      pyzmq: ">=23.0"
      tornado: ">=6.2"
      traitlets: ">=5.3"
    url: https://conda.anaconda.org/conda-forge/noarch/jupyter_client-8.2.0-pyhd8ed1ab_0.conda
    hash:
      md5: 58ca2d50c3b27b86fd7df62eaadbf9a9
      sha256: c36c0e9da3a23e89fc30333760f9c9fdb1a14ca2862fa1e1257f7fe4d508fded
    category: main
    optional: false
  - name: prompt_toolkit
    version: 3.0.38
    manager: conda
    platform: osx-64
    dependencies:
      prompt-toolkit: ">=3.0.38,<3.0.39.0a0"
    url: https://conda.anaconda.org/conda-forge/noarch/prompt_toolkit-3.0.38-hd8ed1ab_0.conda
    hash:
      md5: 45b74f64d8808eda7e6f6e6b1d641fd2
      sha256: c0f24a75d27918eb33f86902aa6024783d128a89eb3a169bcb22f24163a422b3
    category: main
    optional: false
  - name: tox
    version: 3.27.1
    manager: conda
    platform: osx-64
    dependencies:
      colorama: ">=0.4.1"
      filelock: ">=3.0.0"
      importlib-metadata: ">=0.12"
      packaging: ">=14"
      pluggy: ">=0.12.0"
      py: ">=1.4.17"
      python: ">=2.7,!=3.0.*,!=3.1.*,!=3.2.*,!=3.3.*,!=3.4.*"
      six: ">=1.14.0"
      tomli: ">=2.0.1"
      virtualenv: "!=20.0.0,!=20.0.1,!=20.0.2,!=20.0.3,!=20.0.4,!=20.0.5,!=20.0.6,!=20.0.7,>=16.0.0"
    url: https://conda.anaconda.org/conda-forge/noarch/tox-3.27.1-pyhd8ed1ab_0.tar.bz2
    hash:
      md5: 62b743e1030b17163c70654601afb60d
      sha256: 408a6969022cb11928c9fa3c7070833d79baac7068f0c2b7ac74da8edd3e0179
    category: main
    optional: false
  - name: ipython
    version: 8.14.0
    manager: conda
    platform: osx-64
    dependencies:
      __osx: ""
      appnope: ""
      backcall: ""
      decorator: ""
      jedi: ">=0.16"
      matplotlib-inline: ""
      pexpect: ">4.3"
      pickleshare: ""
      prompt_toolkit: ">=3.0.30,<3.1.0,!=3.0.37"
      pygments: ">=2.4.0"
      python: ">=3.9"
      stack_data: ""
      traitlets: ">=5"
      typing_extensions: ""
    url: https://conda.anaconda.org/conda-forge/noarch/ipython-8.14.0-pyhd1c38e8_0.conda
    hash:
      md5: f56fab4cea853c2248105b6cd7d79bf0
      sha256: ea7524cd33c18c5c0d01e48e0089f339e7e8f1c3a6a8d2416c46b3d50d509894
    category: main
    optional: false
  - name: nox
    version: 2023.4.22
    manager: conda
    platform: osx-64
    dependencies:
      argcomplete: ">=1.9.4,<4.0"
      colorlog: ">=2.6.1,<7.0.0"
      jinja2: ""
      packaging: ">=20.9"
      python: ">=3.10,<3.11.0a0"
      python_abi: 3.10.*
      tox: <4
      virtualenv: ">=14.0.0"
    url: https://conda.anaconda.org/conda-forge/osx-64/nox-2023.4.22-py310h2ec42d9_0.conda
    hash:
      md5: a1223516105a31d2d893b1f69f1dae55
      sha256: 8898fbcb837230fa85a96dc0196fc0370e092f26b4e158c18b27db5241494137
    category: main
    optional: false
  - name: ipykernel
    version: 6.23.1
    manager: conda
    platform: osx-64
    dependencies:
      __osx: ""
      appnope: ""
      comm: ">=0.1.1"
      debugpy: ">=1.6.5"
      ipython: ">=7.23.1"
      jupyter_client: ">=6.1.12"
      jupyter_core: ">=4.12,!=5.0.*"
      matplotlib-inline: ">=0.1"
      nest-asyncio: ""
      packaging: ""
      psutil: ""
      python: ">=3.8"
      pyzmq: ">=20"
      tornado: ">=6.1"
      traitlets: ">=5.4.0"
    url: https://conda.anaconda.org/conda-forge/noarch/ipykernel-6.23.1-pyh736e0ef_0.conda
    hash:
      md5: d5aa7d2cc9fe03f62cf6e7bcc8e1a8df
      sha256: 080ce3963f13f774a73da211519c772e1238bf006e653c24169d156dd7983177
    category: main
    optional: false
  - name: noxopt
    version: 0.0.9
    manager: pip
    platform: osx-64
    dependencies:
      nox: "*"
    url: https://files.pythonhosted.org/packages/cf/cd/25ed6f33ae359dd20bea24d4f251249331ef419991b0a3498622c14036e7/noxopt-0.0.9-py3-none-any.whl
    hash:
      sha256: 9f5a1697ecd731091f681cf17bcafa6ca119d723a2f6f5b648f17dbdd4d9f005
    category: main
    optional: false
  - name: pytest-accept
    version: 0.1.9
    manager: pip
    platform: osx-64
    dependencies:
      pytest: ">=6,<8"
    url: https://files.pythonhosted.org/packages/1b/55/83b1826729b569d42d10a71710e529be784a1e7d954106f8a3b0040c28ca/pytest_accept-0.1.9-py3-none-any.whl
    hash:
      sha256: a7edb909cd37cae7a35c5f93455221905f888b2939c6d851912b86c67639f0f7
    category: main
    optional: false
