# This lock file was generated by conda-lock (https://github.com/conda/conda-lock). DO NOT EDIT!
#
# A "lock file" contains a concrete list of package versions (with checksums) to be installed. Unlike
# e.g. `conda env create`, the resulting environment will not change as new package versions become
# available, unless you explicitly update the lock file.
#
# Install this environment as "YOURENV" with:
#     conda-lock install -n YOURENV --file py310-test-conda-lock.yml
# To update a single package to the latest version compatible with the version constraints in the source:
#     conda-lock lock  --lockfile py310-test-conda-lock.yml --update PACKAGE
# To re-solve the entire environment, e.g. after changing a version constraint in the source file:
#     conda-lock -f ../test.yaml -f py310.yaml --lockfile py310-test-conda-lock.yml
version: 1
metadata:
  content_hash:
    osx-64: 367f363129e3974700fe166f268aca6fc59d2ccd63c907c6896a8ffb66be96ea
  channels:
    - url: conda-forge
      used_env_vars: []
  platforms:
    - osx-64
  sources:
    - ../test.yaml
    - py310.yaml
package:
  - name: bzip2
    version: 1.0.8
    manager: conda
    platform: osx-64
    dependencies: {}
    url: https://conda.anaconda.org/conda-forge/osx-64/bzip2-1.0.8-h0d85af4_4.tar.bz2
    hash:
      md5: 37edc4e6304ca87316e160f5ca0bd1b5
      sha256: 60ba4c64f5d0afca0d283c7addba577d3e2efc0db86002808dadb0498661b2f2
    category: main
    optional: false
  - name: ca-certificates
    version: 2023.5.7
    manager: conda
    platform: osx-64
    dependencies: {}
    url: https://conda.anaconda.org/conda-forge/osx-64/ca-certificates-2023.5.7-h8857fd0_0.conda
    hash:
      md5: b704e4b79ba0d887c4870b7b09d6a4df
      sha256: a06c9c788de81da3a3868ac56781680cc1fc50a0b5a545d4453818975c141b2c
    category: main
    optional: false
  - name: libffi
    version: 3.4.2
    manager: conda
    platform: osx-64
    dependencies: {}
    url: https://conda.anaconda.org/conda-forge/osx-64/libffi-3.4.2-h0d85af4_5.tar.bz2
    hash:
      md5: ccb34fb14960ad8b125962d3d79b31a9
      sha256: 7a2d27a936ceee6942ea4d397f9c7d136f12549d86f7617e8b6bad51e01a941f
    category: main
    optional: false
  - name: libzlib
    version: 1.2.13
    manager: conda
    platform: osx-64
    dependencies: {}
    url: https://conda.anaconda.org/conda-forge/osx-64/libzlib-1.2.13-h8a1eda9_5.conda
    hash:
      md5: 4a3ad23f6e16f99c04e166767193d700
      sha256: fc58ad7f47ffea10df1f2165369978fba0a1cc32594aad778f5eec725f334867
    category: main
    optional: false
  - name: ncurses
    version: "6.4"
    manager: conda
    platform: osx-64
    dependencies: {}
    url: https://conda.anaconda.org/conda-forge/osx-64/ncurses-6.4-hf0c8a7f_0.conda
    hash:
      md5: c3dbae2411164d9b02c69090a9a91857
      sha256: 7841b1fce1ffb0bfb038f9687b92f04d64acab1f7cb96431972386ea98c7b2fd
    category: main
    optional: false
  - name: python_abi
    version: "3.10"
    manager: conda
    platform: osx-64
    dependencies: {}
    url: https://conda.anaconda.org/conda-forge/osx-64/python_abi-3.10-3_cp310.conda
    hash:
      md5: 42da9b0138e911cd5b2f75b0278e26dc
      sha256: 0a66852c47be6b28b70bde29891a71d047730c723355d44b0da48db79fb99eb1
    category: main
    optional: false
  - name: tzdata
    version: 2023c
    manager: conda
    platform: osx-64
    dependencies: {}
    url: https://conda.anaconda.org/conda-forge/noarch/tzdata-2023c-h71feb2d_0.conda
    hash:
      md5: 939e3e74d8be4dac89ce83b20de2492a
      sha256: 0449138224adfa125b220154408419ec37c06b0b49f63c5954724325903ecf55
    category: main
    optional: false
  - name: xz
    version: 5.2.6
    manager: conda
    platform: osx-64
    dependencies: {}
    url: https://conda.anaconda.org/conda-forge/osx-64/xz-5.2.6-h775f41a_0.tar.bz2
    hash:
      md5: a72f9d4ea13d55d745ff1ed594747f10
      sha256: eb09823f34cc2dd663c0ec4ab13f246f45dcd52e5b8c47b9864361de5204a1c8
    category: main
    optional: false
  - name: libsqlite
    version: 3.42.0
    manager: conda
    platform: osx-64
    dependencies:
      libzlib: ">=1.2.13,<1.3.0a0"
    url: https://conda.anaconda.org/conda-forge/osx-64/libsqlite-3.42.0-h58db7d2_0.conda
    hash:
      md5: a7d3b44b7b0c9901ac7813b7a0462893
      sha256: 182689f4b1a5ed638cd615c7774e1a9974842bc127c59173f1d25e31a8795eef
    category: main
    optional: false
  - name: openssl
    version: 3.1.1
    manager: conda
    platform: osx-64
    dependencies:
      ca-certificates: ""
    url: https://conda.anaconda.org/conda-forge/osx-64/openssl-3.1.1-h8a1eda9_1.conda
    hash:
      md5: c7822d6ee74e34af1fd74365cfd18983
      sha256: 67855f92bf50f24cbbc44879864d7a040b1f351e95b599cfcf4cc49b2cc3fd08
    category: main
    optional: false
  - name: readline
    version: "8.2"
    manager: conda
    platform: osx-64
    dependencies:
      ncurses: ">=6.3,<7.0a0"
    url: https://conda.anaconda.org/conda-forge/osx-64/readline-8.2-h9e318b2_1.conda
    hash:
      md5: f17f77f2acf4d344734bda76829ce14e
      sha256: 41e7d30a097d9b060037f0c6a2b1d4c4ae7e942c06c943d23f9d481548478568
    category: main
    optional: false
  - name: tk
    version: 8.6.12
    manager: conda
    platform: osx-64
    dependencies:
      libzlib: ">=1.2.11,<1.3.0a0"
    url: https://conda.anaconda.org/conda-forge/osx-64/tk-8.6.12-h5dbffcc_0.tar.bz2
    hash:
      md5: 8e9480d9c47061db2ed1b4ecce519a7f
      sha256: 331aa1137a264fd9cc905f04f09a161c801fe504b93da08b4e6697bd7c9ae6a6
    category: main
    optional: false
  - name: python
    version: 3.10.11
    manager: conda
    platform: osx-64
    dependencies:
      bzip2: ">=1.0.8,<2.0a0"
      libffi: ">=3.4,<4.0a0"
      libsqlite: ">=3.41.2,<4.0a0"
      libzlib: ">=1.2.13,<1.3.0a0"
      ncurses: ">=6.3,<7.0a0"
      openssl: ">=3.1.0,<4.0a0"
      readline: ">=8.2,<9.0a0"
      tk: ">=8.6.12,<8.7.0a0"
      tzdata: ""
      xz: ">=5.2.6,<6.0a0"
    url: https://conda.anaconda.org/conda-forge/osx-64/python-3.10.11-he7542f4_0_cpython.conda
    hash:
      md5: ec1a9528837c5fcd34f387e317b30f1e
      sha256: 6e5ed21b0d491e791cbdf0f1361d306173dcd0f25b65b5d2881d12a500d2e128
    category: main
    optional: false
  - name: colorama
    version: 0.4.6
    manager: conda
    platform: osx-64
    dependencies:
      python: ">=3.7"
    url: https://conda.anaconda.org/conda-forge/noarch/colorama-0.4.6-pyhd8ed1ab_0.tar.bz2
    hash:
      md5: 3faab06a954c2a04039983f2c4a50d99
      sha256: 2c1b2e9755ce3102bca8d69e8f26e4f087ece73f50418186aee7c74bef8e1698
    category: main
    optional: false
  - name: exceptiongroup
    version: 1.1.1
    manager: conda
    platform: osx-64
    dependencies:
      python: ">=3.7"
    url: https://conda.anaconda.org/conda-forge/noarch/exceptiongroup-1.1.1-pyhd8ed1ab_0.conda
    hash:
      md5: 7312299d7a0ea4993159229b7d2dceb2
      sha256: f073c3ba993912f1c0027bc34a54975642885f0a4cd5f9dc42a17ca945df2c18
    category: main
    optional: false
  - name: execnet
    version: 1.9.0
    manager: conda
    platform: osx-64
    dependencies:
      python: 2.7|>=3.5
    url: https://conda.anaconda.org/conda-forge/noarch/execnet-1.9.0-pyhd8ed1ab_0.tar.bz2
    hash:
      md5: 0e521f7a5e60d508b121d38b04874fb2
      sha256: 1900bbc1764d01405e55be2e369d1b830fb435eb0f27c57033372c60f34c675c
    category: main
    optional: false
  - name: iniconfig
    version: 2.0.0
    manager: conda
    platform: osx-64
    dependencies:
      python: ">=3.7"
    url: https://conda.anaconda.org/conda-forge/noarch/iniconfig-2.0.0-pyhd8ed1ab_0.conda
    hash:
      md5: f800d2da156d08e289b14e87e43c1ae5
      sha256: 38740c939b668b36a50ef455b077e8015b8c9cf89860d421b3fff86048f49666
    category: main
    optional: false
  - name: packaging
    version: "23.1"
    manager: conda
    platform: osx-64
    dependencies:
      python: ">=3.7"
    url: https://conda.anaconda.org/conda-forge/noarch/packaging-23.1-pyhd8ed1ab_0.conda
    hash:
      md5: 91cda59e66e1e4afe9476f8ef98f5c30
      sha256: ded536a96a00d45a693dbc2971bb688248324dadd129eddda2100e177583d768
    category: main
    optional: false
  - name: pluggy
    version: 1.0.0
    manager: conda
    platform: osx-64
    dependencies:
      python: ">=3.8"
    url: https://conda.anaconda.org/conda-forge/noarch/pluggy-1.0.0-pyhd8ed1ab_5.tar.bz2
    hash:
      md5: 7d301a0d25f424d96175f810935f0da9
      sha256: c25e1757e4e90638bb1e778aba3ee5f3c01fae9752e3c3929f9be7d367f6c7f3
    category: main
    optional: false
  - name: setuptools
    version: 67.7.2
    manager: conda
    platform: osx-64
    dependencies:
      python: ">=3.7"
    url: https://conda.anaconda.org/conda-forge/noarch/setuptools-67.7.2-pyhd8ed1ab_0.conda
    hash:
      md5: 3b68bc43ec6baa48f7354a446267eefe
      sha256: 3ac44771fce01f19218bcdf3992e24984748048db69889a9df65abcc6a10e29b
    category: main
    optional: false
  - name: termcolor
    version: 2.3.0
    manager: conda
    platform: osx-64
    dependencies:
      python: ">=3.7"
    url: https://conda.anaconda.org/conda-forge/noarch/termcolor-2.3.0-pyhd8ed1ab_0.conda
    hash:
      md5: 440d508f025b1692168caaf436504af3
      sha256: db8c38777093d87fc05dc3f57d26c171c4e4896f17a013c6f839050c989a759e
    category: main
    optional: false
  - name: toml
    version: 0.10.2
    manager: conda
    platform: osx-64
    dependencies:
      python: ">=2.7"
    url: https://conda.anaconda.org/conda-forge/noarch/toml-0.10.2-pyhd8ed1ab_0.tar.bz2
    hash:
      md5: f832c45a477c78bebd107098db465095
      sha256: f0f3d697349d6580e4c2f35ba9ce05c65dc34f9f049e85e45da03800b46139c1
    category: main
    optional: false
  - name: tomli
    version: 2.0.1
    manager: conda
    platform: osx-64
    dependencies:
      python: ">=3.7"
    url: https://conda.anaconda.org/conda-forge/noarch/tomli-2.0.1-pyhd8ed1ab_0.tar.bz2
    hash:
      md5: 5844808ffab9ebdb694585b50ba02a96
      sha256: 4cd48aba7cd026d17e86886af48d0d2ebc67ed36f87f6534f4b67138f5a5a58f
    category: main
    optional: false
  - name: typing_extensions
    version: 4.6.3
    manager: conda
    platform: osx-64
    dependencies:
      python: ">=3.7"
    url: https://conda.anaconda.org/conda-forge/noarch/typing_extensions-4.6.3-pyha770c72_0.conda
    hash:
      md5: 4a3014a4d107d15475d106b751c4e352
      sha256: 90a8d56c8015af1575d504d5f77d95a806cd999fc178a06ab51a349f1f744672
    category: main
    optional: false
  - name: wheel
    version: 0.40.0
    manager: conda
    platform: osx-64
    dependencies:
      python: ">=3.7"
    url: https://conda.anaconda.org/conda-forge/noarch/wheel-0.40.0-pyhd8ed1ab_0.conda
    hash:
      md5: 49bb0d9e60ce1db25e151780331bb5f3
      sha256: 79b4d29b0c004014a2abd5fc2c9fcd35cc6256222b960c2a317a27c4b0d8884d
    category: main
    optional: false
  - name: coverage
    version: 7.2.7
    manager: conda
    platform: osx-64
    dependencies:
      python: ">=3.10,<3.11.0a0"
      python_abi: 3.10.*
      tomli: ""
    url: https://conda.anaconda.org/conda-forge/osx-64/coverage-7.2.7-py310h6729b98_0.conda
    hash:
      md5: d26f9a00c51aa15b80d49ddf862096f9
      sha256: 4567b0717e185f339c6ad082f4d16b5a238b5174f0f9d059f41911fb4f172831
    category: main
    optional: false
  - name: pip
    version: 23.1.2
    manager: conda
    platform: osx-64
    dependencies:
      python: ">=3.7"
      setuptools: ""
      wheel: ""
    url: https://conda.anaconda.org/conda-forge/noarch/pip-23.1.2-pyhd8ed1ab_0.conda
    hash:
      md5: 7288da0d36821349cf1126e8670292df
      sha256: 4fe1f47f6eac5b2635a622b6f985640bf835843c1d8d7ccbbae0f7d27cadec92
    category: main
    optional: false
  - name: pytest
    version: 7.3.2
    manager: conda
    platform: osx-64
    dependencies:
      colorama: ""
      exceptiongroup: ">=1.0.0rc8"
      iniconfig: ""
      packaging: ""
      pluggy: ">=0.12,<2.0"
      python: ">=3.7"
      tomli: ">=1.0.0"
    url: https://conda.anaconda.org/conda-forge/noarch/pytest-7.3.2-pyhd8ed1ab_1.conda
    hash:
      md5: f2465696f4396245eca4613f6e924796
      sha256: bdcd2df6f9a1a5ccb575c030a9c9417fb3abb7aecf56e51bbd2711139df187e8
    category: main
    optional: false
  - name: typing-extensions
    version: 4.6.3
    manager: conda
    platform: osx-64
    dependencies:
      typing_extensions: 4.6.3
    url: https://conda.anaconda.org/conda-forge/noarch/typing-extensions-4.6.3-hd8ed1ab_0.conda
    hash:
      md5: 3876f650ed7d0f95d70fa4b647621909
      sha256: d2334dab270e13182403cc3a394e3da8e7acb409e94059a6d9223d2ac053f90a
    category: main
    optional: false
  - name: pytest-cov
    version: 4.1.0
    manager: conda
    platform: osx-64
    dependencies:
      coverage: ">=5.2.1"
      pytest: ">=4.6"
      python: ">=3.7"
      toml: ""
    url: https://conda.anaconda.org/conda-forge/noarch/pytest-cov-4.1.0-pyhd8ed1ab_0.conda
    hash:
      md5: 06eb685a3a0b146347a58dda979485da
      sha256: f07d3b44cabbed7843de654c4a6990a08475ce3b708bb735c7da9842614586f2
    category: main
    optional: false
  - name: pytest-sugar
    version: 0.9.7
    manager: conda
    platform: osx-64
    dependencies:
      packaging: ">=14.1"
      pytest: ">=2.9"
      python: ">=3.6"
      termcolor: ">=1.1.0"
    url: https://conda.anaconda.org/conda-forge/noarch/pytest-sugar-0.9.7-pyhd8ed1ab_0.conda
    hash:
      md5: 5ae876f0425115ce2eb00b57d0ae641e
      sha256: a9a76350625a6768a3b779552e4c5eb112ac1deb0b8ea5924c090c35f7da7f24
    category: main
    optional: false
  - name: pytest-xdist
    version: 3.3.1
    manager: conda
    platform: osx-64
    dependencies:
      execnet: ">=1.1"
      pytest: ">=6.2.0"
      python: ">=3.7"
    url: https://conda.anaconda.org/conda-forge/noarch/pytest-xdist-3.3.1-pyhd8ed1ab_0.conda
    hash:
      md5: 816073bb54ef59f33f0f26c14f88311b
      sha256: 5df2d0f1e42041476cbdf12b808890d668e7f0272b51f0f3fa7aab84732150b6
    category: main
    optional: false
